{
  "name": "@saasquatch/sqh-widget",
  "version": "1.0.0",
  "lockfileVersion": 1,
  "requires": true,
  "dependencies": {
    "dom-context": {
      "version": "1.0.1",
      "resolved": "https://registry.npmjs.org/dom-context/-/dom-context-1.0.1.tgz",
      "integrity": "sha512-hMNlGxoK61LpJglVm10FIAOy8P6YFAaROgn5XzW8zDTsCYyCk0GsH5VexiBEzrCnbSY7jz5vCWj9RQtgAHznHg=="
    }
  }
}
