{
  "name": "@saasquatch/bedrock-components",
  "version": "1.0.0",
  "lockfileVersion": 1,
  "requires": true,
  "dependencies": {
    "@babel/runtime": {
      "version": "7.13.17",
      "resolved": "https://registry.npmjs.org/@babel/runtime/-/runtime-7.13.17.tgz",
      "integrity": "sha512-NCdgJEelPTSh+FEFylhnP1ylq848l1z9t9N0j1Lfbcw0+KXGjsTvUmkxy+voLLXB5SOKMbLLx4jxYliGrYQseA==",
      "requires": {
        "regenerator-runtime": "^0.13.4"
      }
    },
    "@rollup/plugin-alias": {
      "version": "3.1.2",
      "resolved": "https://registry.npmjs.org/@rollup/plugin-alias/-/plugin-alias-3.1.2.tgz",
      "integrity": "sha512-wzDnQ6v7CcoRzS0qVwFPrFdYA4Qlr+ookA217Y2Z3DPZE1R8jrFNM3jvGgOf6o6DMjbnQIn5lCIJgHPe1Bt3uw==",
      "dev": true,
      "requires": {
        "slash": "^3.0.0"
      }
    },
    "@saasquatch/component-boilerplate": {
      "version": "1.0.0",
      "resolved": "https://registry.npmjs.org/@saasquatch/component-boilerplate/-/component-boilerplate-1.0.0.tgz",
      "integrity": "sha512-Q3Hus8yE32i2I7BQzilMSf6r2fPvHQjnqn6t40JbOGT5u7pGHkfExChvID2EO4nuPTNm7XB97DnU0ZR9+Epmwg==",
      "requires": {
        "@saasquatch/dom-context-hooks": "^1.0.0",
        "@saasquatch/universal-hooks": "^1.0.0",
        "@wry/equality": "^0.3.3",
        "debounce": "^1.2.0",
        "dom-context": "^1.0.1",
        "fast-memoize": "^2.5.2",
        "graphql": "^15.5.0",
        "graphql-request": "^3.4.0",
        "history": "^5.0.0",
        "jsonpointer": "^4.1.0"
      },
      "dependencies": {
        "@saasquatch/dom-context-hooks": {
          "version": "1.0.0",
          "resolved": "https://registry.npmjs.org/@saasquatch/dom-context-hooks/-/dom-context-hooks-1.0.0.tgz",
          "integrity": "sha512-i39DNoEfBV/jA2xCjsbJQfOIEjZ4QbufcyfiVOH5LoHNlJxLxFVyD1HlR8NQGHVKWyd8VAvkiQTZdYD0R0poSA==",
          "requires": {
            "@saasquatch/universal-hooks": "^1.0.0",
            "dom-context": "^1.0.1"
          }
        }
      }
    },
    "@saasquatch/dom-context-hooks": {
      "version": "0.1.0",
      "resolved": "https://registry.npmjs.org/@saasquatch/dom-context-hooks/-/dom-context-hooks-0.1.0.tgz",
      "integrity": "sha512-1jb5jQIlNay8mbhl0k4HHBevpmNeLGg92p5+8EBvjNuam9ToWfO3lj4PgYLolsYVGzsUDe+gMO3fx0A+egbs/A==",
      "requires": {
        "@saasquatch/universal-hooks": "^0.1.3"
      },
      "dependencies": {
        "@saasquatch/universal-hooks": {
          "version": "0.1.3",
          "resolved": "https://registry.npmjs.org/@saasquatch/universal-hooks/-/universal-hooks-0.1.3.tgz",
          "integrity": "sha512-3c7aAPHBbctvy0+V0p6NzZBUqVNBPpX0+bJAP4de2axfQrzXrE+7Fbo3WPjv7Hhs010igGb9EhgNXT+PqcECgg=="
        }
      }
    },
    "@saasquatch/stencil-grapes-plugin": {
      "version": "1.0.0",
      "resolved": "https://registry.npmjs.org/@saasquatch/stencil-grapes-plugin/-/stencil-grapes-plugin-1.0.0.tgz",
      "integrity": "sha512-5mKlJgOZvdtwr422c86t0T5t5uJJgNtfUu9zBd1HPivruDU8PMLTg911U9lcQdADLrWD9KedAHyqRdLx0VRPJA==",
      "dev": true,
      "requires": {
        "typescript": "^4.2.3"
      }
    },
    "@saasquatch/stencil-hooks": {
      "version": "2.0.0",
      "resolved": "https://registry.npmjs.org/@saasquatch/stencil-hooks/-/stencil-hooks-2.0.0.tgz",
      "integrity": "sha512-TzWtN/ctVaC5bxyI/CAhhsxU1GkCnFO2tFypEcjfb44M+i2gZJxpfYh598TLTAePQdILgifQMfb9ejhb8Ha7ig==",
      "requires": {
        "@saasquatch/dom-context-hooks": "^0.1.0",
        "@stencil/core": "^2",
        "debug": "^4.3.1",
        "dom-context": "^1.0.1",
        "haunted": "^4.7.1"
      }
    },
    "@saasquatch/universal-hooks": {
      "version": "1.0.0",
      "resolved": "https://registry.npmjs.org/@saasquatch/universal-hooks/-/universal-hooks-1.0.0.tgz",
      "integrity": "sha512-afvknW4VA/1L1gbqBXJg3JCRzE4Ud8OkhCl1noGKt/cKa/Ec+G8OCBFAOiTxdGVSZkVQ2iqhTam+ugDY9sQUuQ=="
    },
    "@stencil/core": {
      "version": "2.5.2",
      "resolved": "https://registry.npmjs.org/@stencil/core/-/core-2.5.2.tgz",
      "integrity": "sha512-bgjPXkSzzg1WnTgVUm6m5ZzpKt602WmA/QljODAW1xVN40OHJdbGblzF/F6MFzqv2c5Cy30CB41arc8qADIdcQ=="
    },
    "@wry/equality": {
      "version": "0.3.4",
      "resolved": "https://registry.npmjs.org/@wry/equality/-/equality-0.3.4.tgz",
      "integrity": "sha512-1gQQhCPenzxw/1HzLlvSIs/59eBHJf9ZDIussjjZhqNSqQuPKQIzN6SWt4kemvlBPDi7RqMuUa03pId7MAE93g==",
      "requires": {
        "tslib": "^1.14.1"
      }
    },
    "asynckit": {
      "version": "0.4.0",
      "resolved": "https://registry.npmjs.org/asynckit/-/asynckit-0.4.0.tgz",
      "integrity": "sha1-x57Zf380y48robyXkLzDZkdLS3k="
    },
    "combined-stream": {
      "version": "1.0.8",
      "resolved": "https://registry.npmjs.org/combined-stream/-/combined-stream-1.0.8.tgz",
      "integrity": "sha512-FQN4MRfuJeHf7cBbBMJFXhKSDq+2kAArBlmRBvcvFE5BB1HZKXtSFASDhdlz9zOYwxh8lDdnvmMOe/+5cdoEdg==",
      "requires": {
        "delayed-stream": "~1.0.0"
      }
    },
    "cross-fetch": {
      "version": "3.1.4",
      "resolved": "https://registry.npmjs.org/cross-fetch/-/cross-fetch-3.1.4.tgz",
      "integrity": "sha512-1eAtFWdIubi6T4XPy6ei9iUFoKpUkIF971QLN8lIvvvwueI65+Nw5haMNKUwfJxabqlIIDODJKGrQ66gxC0PbQ==",
      "requires": {
        "node-fetch": "2.6.1"
      }
    },
    "debounce": {
      "version": "1.2.1",
      "resolved": "https://registry.npmjs.org/debounce/-/debounce-1.2.1.tgz",
      "integrity": "sha512-XRRe6Glud4rd/ZGQfiV1ruXSfbvfJedlV9Y6zOlP+2K04vBYiJEte6stfFkCP03aMnY5tsipamumUjL14fofug=="
    },
    "debug": {
      "version": "4.3.1",
      "resolved": "https://registry.npmjs.org/debug/-/debug-4.3.1.tgz",
      "integrity": "sha512-doEwdvm4PCeK4K3RQN2ZC2BYUBaxwLARCqZmMjtF8a51J2Rb0xpVloFRnCODwqjpwnAoao4pelN8l3RJdv3gRQ==",
      "requires": {
        "ms": "2.1.2"
      }
    },
    "delayed-stream": {
      "version": "1.0.0",
      "resolved": "https://registry.npmjs.org/delayed-stream/-/delayed-stream-1.0.0.tgz",
      "integrity": "sha1-3zrhmayt+31ECqrgsp4icrJOxhk="
    },
    "dom-context": {
      "version": "1.2.0",
      "resolved": "https://registry.npmjs.org/dom-context/-/dom-context-1.2.0.tgz",
      "integrity": "sha512-Im58euB0LGoJ2hQXwSBha3naL4ROu8bfgXn+1pBXJ46XflpsNU+BpsZTw/Ak2cAS4trgU7HveDSrw0xttn2G6A=="
    },
    "extract-files": {
      "version": "9.0.0",
      "resolved": "https://registry.npmjs.org/extract-files/-/extract-files-9.0.0.tgz",
      "integrity": "sha512-CvdFfHkC95B4bBBk36hcEmvdR2awOdhhVUYH6S/zrVj3477zven/fJMYg7121h4T1xHZC+tetUpubpAhxwI7hQ=="
    },
    "fast-memoize": {
      "version": "2.5.2",
      "resolved": "https://registry.npmjs.org/fast-memoize/-/fast-memoize-2.5.2.tgz",
      "integrity": "sha512-Ue0LwpDYErFbmNnZSF0UH6eImUwDmogUO1jyE+JbN2gsQz/jICm1Ve7t9QT0rNSsfJt+Hs4/S3GnsDVjL4HVrw=="
    },
    "form-data": {
      "version": "3.0.1",
      "resolved": "https://registry.npmjs.org/form-data/-/form-data-3.0.1.tgz",
      "integrity": "sha512-RHkBKtLWUVwd7SqRIvCZMEvAMoGUp0XU+seQiZejj0COz3RI3hWP4sCv3gZWWLjJTd7rGwcsF5eKZGii0r/hbg==",
      "requires": {
        "asynckit": "^0.4.0",
        "combined-stream": "^1.0.8",
        "mime-types": "^2.1.12"
      }
    },
    "graphql": {
      "version": "15.5.0",
      "resolved": "https://registry.npmjs.org/graphql/-/graphql-15.5.0.tgz",
      "integrity": "sha512-OmaM7y0kaK31NKG31q4YbD2beNYa6jBBKtMFT6gLYJljHLJr42IqJ8KX08u3Li/0ifzTU5HjmoOOrwa5BRLeDA=="
    },
    "graphql-request": {
      "version": "3.4.0",
      "resolved": "https://registry.npmjs.org/graphql-request/-/graphql-request-3.4.0.tgz",
      "integrity": "sha512-acrTzidSlwAj8wBNO7Q/UQHS8T+z5qRGquCQRv9J1InwR01BBWV9ObnoE+JS5nCCEj8wSGS0yrDXVDoRiKZuOg==",
      "requires": {
        "cross-fetch": "^3.0.6",
        "extract-files": "^9.0.0",
        "form-data": "^3.0.0"
      }
    },
    "haunted": {
      "version": "4.7.1",
      "resolved": "https://registry.npmjs.org/haunted/-/haunted-4.7.1.tgz",
      "integrity": "sha512-bUQGPlKIAR1Ou22tjF4YgRaNaUHdeJx6T1x06h3iC7yvreHMpodO3/ixchEAU3QK1e4SjzvaFA0of0m9jiE4Kg==",
      "requires": {
        "lit-html": "^1.0.0"
      }
    },
    "history": {
      "version": "5.0.0",
      "resolved": "https://registry.npmjs.org/history/-/history-5.0.0.tgz",
      "integrity": "sha512-3NyRMKIiFSJmIPdq7FxkNMJkQ7ZEtVblOQ38VtKaA0zZMW1Eo6Q6W8oDKEflr1kNNTItSnk4JMCO1deeSgbLLg==",
      "requires": {
        "@babel/runtime": "^7.7.6"
      }
    },
    "jsonata": {
      "version": "1.8.4",
      "resolved": "https://registry.npmjs.org/jsonata/-/jsonata-1.8.4.tgz",
      "integrity": "sha512-OqzmM5IICtm/687zckG5BROZzInGCEuKojpYs48H8RnkII8Np+o912ryvhnYwsRrSI24TQRG/qqrSwBuaneDbg=="
    },
    "jsonpointer": {
      "version": "4.1.0",
      "resolved": "https://registry.npmjs.org/jsonpointer/-/jsonpointer-4.1.0.tgz",
      "integrity": "sha512-CXcRvMyTlnR53xMcKnuMzfCA5i/nfblTnnr74CZb6C4vG39eu6w51t7nKmU5MfLfbTgGItliNyjO/ciNPDqClg=="
    },
    "lit-html": {
      "version": "1.3.0",
      "resolved": "https://registry.npmjs.org/lit-html/-/lit-html-1.3.0.tgz",
      "integrity": "sha512-0Q1bwmaFH9O14vycPHw8C/IeHMk/uSDldVLIefu/kfbTBGIc44KGH6A8p1bDfxUfHdc8q6Ct7kQklWoHgr4t1Q=="
    },
    "mime-db": {
      "version": "1.47.0",
      "resolved": "https://registry.npmjs.org/mime-db/-/mime-db-1.47.0.tgz",
      "integrity": "sha512-QBmA/G2y+IfeS4oktet3qRZ+P5kPhCKRXxXnQEudYqUaEioAU1/Lq2us3D/t1Jfo4hE9REQPrbB7K5sOczJVIw=="
    },
    "mime-types": {
      "version": "2.1.30",
      "resolved": "https://registry.npmjs.org/mime-types/-/mime-types-2.1.30.tgz",
      "integrity": "sha512-crmjA4bLtR8m9qLpHvgxSChT+XoSlZi8J4n/aIdn3z92e/U47Z0V/yl+Wh9W046GgFVAmoNR/fmdbZYcSSIUeg==",
      "requires": {
        "mime-db": "1.47.0"
      }
    },
    "ms": {
      "version": "2.1.2",
      "resolved": "https://registry.npmjs.org/ms/-/ms-2.1.2.tgz",
      "integrity": "sha512-sGkPx+VjMtmA6MX27oA4FBFELFCZZ4S4XqeGOXCv68tT+jb3vk/RyaKWP0PTKyWtmLSM0b+adUTEvbs1PEaH2w=="
    },
    "node-fetch": {
      "version": "2.6.1",
      "resolved": "https://registry.npmjs.org/node-fetch/-/node-fetch-2.6.1.tgz",
      "integrity": "sha512-V4aYg89jEoVRxRb2fJdAg8FHvI7cEyYdVAh94HH0UIK8oJxUfkjlDQN9RbMx+bEjP7+ggMiFRprSti032Oipxw=="
    },
    "regenerator-runtime": {
      "version": "0.13.7",
      "resolved": "https://registry.npmjs.org/regenerator-runtime/-/regenerator-runtime-0.13.7.tgz",
      "integrity": "sha512-a54FxoJDIr27pgf7IgeQGxmqUNYrcV338lf/6gH456HZ/PhX+5BcwHXG9ajESmwe6WRO0tAzRUrRmNONWgkrew=="
    },
    "slash": {
      "version": "3.0.0",
      "resolved": "https://registry.npmjs.org/slash/-/slash-3.0.0.tgz",
      "integrity": "sha512-g9Q1haeby36OSStwb4ntCGGGaKsaVSjQ68fBxoQcutl5fS1vuY18H3wSt3jFyFtrkx+Kz0V1G85A4MyAdDMi2Q==",
      "dev": true
    },
    "tslib": {
      "version": "1.14.1",
      "resolved": "https://registry.npmjs.org/tslib/-/tslib-1.14.1.tgz",
      "integrity": "sha512-Xni35NKzjgMrwevysHTCArtLDpPvye8zV/0E4EyYn43P7/7qvQwPh9BGkHewbMulVntbigmcT7rdX3BNo9wRJg=="
    },
    "typescript": {
      "version": "4.2.4",
      "resolved": "https://registry.npmjs.org/typescript/-/typescript-4.2.4.tgz",
      "integrity": "sha512-V+evlYHZnQkaz8TRBuxTA92yZBPotr5H+WhQ7bD3hZUndx5tGOa1fuCgeSjxAzM1RiN5IzvadIXTVefuuwZCRg==",
      "dev": true
    }
  }
}
