{
  "name": "@saasquatch/bedrock-components",
  "version": "1.1.1",
  "lockfileVersion": 1,
  "requires": true,
  "dependencies": {
    "@babel/runtime": {
      "version": "7.15.3",
      "resolved": "https://registry.npmjs.org/@babel/runtime/-/runtime-7.15.3.tgz",
      "integrity": "sha512-OvwMLqNXkCXSz1kSm58sEsNuhqOx/fKpnUnKnFB5v8uDda5bLNEHNgKPvhDN6IU0LDcnHQ90LlJ0Q6jnyBSIBA==",
      "requires": {
        "regenerator-runtime": "^0.13.4"
      }
    },
    "@formatjs/ecma402-abstract": {
      "version": "1.9.8",
      "resolved": "https://registry.npmjs.org/@formatjs/ecma402-abstract/-/ecma402-abstract-1.9.8.tgz",
      "integrity": "sha512-2U4n11bLmTij/k4ePCEFKJILPYwdMcJTdnKVBi+JMWBgu5O1N+XhCazlE6QXqVO1Agh2Doh0b/9Jf1mSmSVfhA==",
      "requires": {
        "@formatjs/intl-localematcher": "0.2.20",
        "tslib": "^2.1.0"
      }
    },
    "@formatjs/fast-memoize": {
      "version": "1.2.0",
      "resolved": "https://registry.npmjs.org/@formatjs/fast-memoize/-/fast-memoize-1.2.0.tgz",
      "integrity": "sha512-fObitP9Tlc31SKrPHgkPgQpGo4+4yXfQQITTCNH8AZdEqB7Mq4nPrjpUL/tNGN3lEeJcFxDbi0haX8HM7QvQ8w==",
      "requires": {
        "tslib": "^2.1.0"
      }
    },
    "@formatjs/icu-messageformat-parser": {
      "version": "2.0.11",
      "resolved": "https://registry.npmjs.org/@formatjs/icu-messageformat-parser/-/icu-messageformat-parser-2.0.11.tgz",
      "integrity": "sha512-5mWb8U8aulYGwnDZWrr+vdgn5PilvtrqQYQ1pvpgzQes/osi85TwmL2GqTGLlKIvBKD2XNA61kAqXYY95w4LWg==",
      "requires": {
        "@formatjs/ecma402-abstract": "1.9.8",
        "@formatjs/icu-skeleton-parser": "1.2.12",
        "tslib": "^2.1.0"
      }
    },
    "@formatjs/icu-skeleton-parser": {
      "version": "1.2.12",
      "resolved": "https://registry.npmjs.org/@formatjs/icu-skeleton-parser/-/icu-skeleton-parser-1.2.12.tgz",
      "integrity": "sha512-DTFxWmEA02ZNW6fsYjGYSADvtrqqjCYF7DSgCmMfaaE0gLP4pCdAgOPE+lkXXU+jP8iCw/YhMT2Seyk/C5lBWg==",
      "requires": {
        "@formatjs/ecma402-abstract": "1.9.8",
        "tslib": "^2.1.0"
      }
    },
    "@formatjs/intl": {
      "version": "1.14.1",
      "resolved": "https://registry.npmjs.org/@formatjs/intl/-/intl-1.14.1.tgz",
      "integrity": "sha512-mtL8oBgFwTu0GHFnxaF93fk/zNzNkPzl+27Fwg5AZ88pWHWb7037dpODzoCBnaIVk4FBO5emUn/6jI9Byj8hOw==",
      "requires": {
        "@formatjs/ecma402-abstract": "1.9.8",
        "@formatjs/fast-memoize": "1.2.0",
        "@formatjs/icu-messageformat-parser": "2.0.11",
        "@formatjs/intl-displaynames": "5.2.3",
        "@formatjs/intl-listformat": "6.3.3",
        "intl-messageformat": "9.9.1",
        "tslib": "^2.1.0"
      }
    },
    "@formatjs/intl-displaynames": {
      "version": "5.2.3",
      "resolved": "https://registry.npmjs.org/@formatjs/intl-displaynames/-/intl-displaynames-5.2.3.tgz",
      "integrity": "sha512-5BmhSurLbfgdeo0OBcNPPkIS8ikMMYaHe2NclxEQZqcMvrnQzNMNnUE2dDF5vZx+mkvKq77aQYzpc8RfqVsRCQ==",
      "requires": {
        "@formatjs/ecma402-abstract": "1.9.8",
        "@formatjs/intl-localematcher": "0.2.20",
        "tslib": "^2.1.0"
      }
    },
    "@formatjs/intl-listformat": {
      "version": "6.3.3",
      "resolved": "https://registry.npmjs.org/@formatjs/intl-listformat/-/intl-listformat-6.3.3.tgz",
      "integrity": "sha512-3nzAKgVS5rePDa5HiH0OwZgAhqxLtzlMc9Pg4QgajRHSP1TqFiMmQnnn52wd3+xVTb7cjZVm3JBnTv51/MhTOg==",
      "requires": {
        "@formatjs/ecma402-abstract": "1.9.8",
        "@formatjs/intl-localematcher": "0.2.20",
        "tslib": "^2.1.0"
      }
    },
    "@formatjs/intl-localematcher": {
      "version": "0.2.20",
      "resolved": "https://registry.npmjs.org/@formatjs/intl-localematcher/-/intl-localematcher-0.2.20.tgz",
      "integrity": "sha512-/Ro85goRZnCojzxOegANFYL0LaDIpdPjAukR7xMTjOtRx+3yyjR0ifGTOW3/Kjhmab3t6GnyHBYWZSudxEOxPA==",
      "requires": {
        "tslib": "^2.1.0"
      }
    },
    "@lit/reactive-element": {
      "version": "1.0.0-rc.3",
      "resolved": "https://registry.npmjs.org/@lit/reactive-element/-/reactive-element-1.0.0-rc.3.tgz",
      "integrity": "sha512-Rs2px1keOQUNJUo5B+WExl5v244ZNCiN/iMVNO9evFdJjAdWCIupR/p14zRPkNHsciRBELLTcOZ379cI9O6PDg=="
    },
    "@rollup/plugin-alias": {
      "version": "3.1.4",
      "resolved": "https://registry.npmjs.org/@rollup/plugin-alias/-/plugin-alias-3.1.4.tgz",
      "integrity": "sha512-9YN5h0bWlYFV0zpXwwAWGPUWh/A+kkoCqwrMb43LnuGfhnQqOjsGR+5uh4LGpAZbBBj8qR1Hno6CZadZs7hyCQ==",
      "dev": true,
      "requires": {
        "slash": "^3.0.0"
      }
    },
    "@saasquatch/component-boilerplate": {
      "version": "1.2.2",
      "resolved": "https://registry.npmjs.org/@saasquatch/component-boilerplate/-/component-boilerplate-1.2.2.tgz",
      "integrity": "sha512-MpZpN+Pdy2i2vOo85rzFbevmn0sgTdWj+C0lgY9Gv8KQwRHrY3k7k9VzZ4C5EBkO/2Ot3MurwUtB3sq+lpbvIw==",
      "requires": {
        "@formatjs/intl": "^1.8.2",
        "@saasquatch/dom-context-hooks": "^1.0.0",
        "@saasquatch/universal-hooks": "^1.0.0",
        "@wry/equality": "^0.3.3",
        "debounce": "^1.2.0",
        "dom-context": "^1.2.0",
        "fast-memoize": "^2.5.2",
        "graphql": "^15.5.0",
        "graphql-combine-query": "^1.2.3",
        "graphql-request": "^3.4.0",
        "history": "^5.0.0",
        "jsonpointer": "^4.1.0",
        "jwt-decode": "^3.1.2",
        "nanoid": "^3.1.23",
        "rxjs": "^6.6.7"
      }
    },
    "@saasquatch/dom-context-hooks": {
      "version": "1.0.0",
      "resolved": "https://registry.npmjs.org/@saasquatch/dom-context-hooks/-/dom-context-hooks-1.0.0.tgz",
      "integrity": "sha512-i39DNoEfBV/jA2xCjsbJQfOIEjZ4QbufcyfiVOH5LoHNlJxLxFVyD1HlR8NQGHVKWyd8VAvkiQTZdYD0R0poSA==",
      "requires": {
        "@saasquatch/universal-hooks": "^1.0.0",
        "dom-context": "^1.0.1"
      }
    },
    "@saasquatch/stencil-grapes-plugin": {
      "version": "1.0.1",
      "resolved": "https://registry.npmjs.org/@saasquatch/stencil-grapes-plugin/-/stencil-grapes-plugin-1.0.1.tgz",
      "integrity": "sha512-d0CJ4H6n/9zDNxdIHM4kUVDBwwGBhUUnNrkoMOn+VuScOF6hfaxBMnW+K9RbG7P4/HG/uQ2H8bDiVbsABuViLA==",
      "dev": true,
      "requires": {
        "typescript": "^4.2.3"
      }
    },
    "@saasquatch/stencil-hooks": {
      "version": "2.0.2",
      "resolved": "https://registry.npmjs.org/@saasquatch/stencil-hooks/-/stencil-hooks-2.0.2.tgz",
      "integrity": "sha512-NKbhkwhWALttnS0K1smWjfwkfU0CqmzRxbhl7a2YjjddSUljWYHOb5iKzDdZXLDtz6/0T+BA2uQiPDsnQ7x6MA==",
      "requires": {
        "@saasquatch/dom-context-hooks": "^1.0.0",
        "@stencil/core": "^2",
        "debug": "^4.3.1",
        "dom-context": "^1.2.0",
        "haunted": "^4.7.1"
      }
    },
    "@saasquatch/universal-hooks": {
      "version": "1.0.0",
      "resolved": "https://registry.npmjs.org/@saasquatch/universal-hooks/-/universal-hooks-1.0.0.tgz",
      "integrity": "sha512-afvknW4VA/1L1gbqBXJg3JCRzE4Ud8OkhCl1noGKt/cKa/Ec+G8OCBFAOiTxdGVSZkVQ2iqhTam+ugDY9sQUuQ=="
    },
    "@stencil/core": {
      "version": "2.5.2",
      "resolved": "https://registry.npmjs.org/@stencil/core/-/core-2.5.2.tgz",
      "integrity": "sha512-bgjPXkSzzg1WnTgVUm6m5ZzpKt602WmA/QljODAW1xVN40OHJdbGblzF/F6MFzqv2c5Cy30CB41arc8qADIdcQ=="
    },
    "@wry/equality": {
      "version": "0.3.4",
      "resolved": "https://registry.npmjs.org/@wry/equality/-/equality-0.3.4.tgz",
      "integrity": "sha512-1gQQhCPenzxw/1HzLlvSIs/59eBHJf9ZDIussjjZhqNSqQuPKQIzN6SWt4kemvlBPDi7RqMuUa03pId7MAE93g==",
      "requires": {
        "tslib": "^1.14.1"
      },
      "dependencies": {
        "tslib": {
          "version": "1.14.1",
          "resolved": "https://registry.npmjs.org/tslib/-/tslib-1.14.1.tgz",
          "integrity": "sha512-Xni35NKzjgMrwevysHTCArtLDpPvye8zV/0E4EyYn43P7/7qvQwPh9BGkHewbMulVntbigmcT7rdX3BNo9wRJg=="
        }
      }
    },
    "asynckit": {
      "version": "0.4.0",
      "resolved": "https://registry.npmjs.org/asynckit/-/asynckit-0.4.0.tgz",
      "integrity": "sha1-x57Zf380y48robyXkLzDZkdLS3k="
    },
    "combined-stream": {
      "version": "1.0.8",
      "resolved": "https://registry.npmjs.org/combined-stream/-/combined-stream-1.0.8.tgz",
      "integrity": "sha512-FQN4MRfuJeHf7cBbBMJFXhKSDq+2kAArBlmRBvcvFE5BB1HZKXtSFASDhdlz9zOYwxh8lDdnvmMOe/+5cdoEdg==",
      "requires": {
        "delayed-stream": "~1.0.0"
      }
    },
    "cross-fetch": {
      "version": "3.1.4",
      "resolved": "https://registry.npmjs.org/cross-fetch/-/cross-fetch-3.1.4.tgz",
      "integrity": "sha512-1eAtFWdIubi6T4XPy6ei9iUFoKpUkIF971QLN8lIvvvwueI65+Nw5haMNKUwfJxabqlIIDODJKGrQ66gxC0PbQ==",
      "requires": {
        "node-fetch": "2.6.1"
      }
    },
    "debounce": {
      "version": "1.2.1",
      "resolved": "https://registry.npmjs.org/debounce/-/debounce-1.2.1.tgz",
      "integrity": "sha512-XRRe6Glud4rd/ZGQfiV1ruXSfbvfJedlV9Y6zOlP+2K04vBYiJEte6stfFkCP03aMnY5tsipamumUjL14fofug=="
    },
    "debug": {
      "version": "4.3.2",
      "resolved": "https://registry.npmjs.org/debug/-/debug-4.3.2.tgz",
      "integrity": "sha512-mOp8wKcvj7XxC78zLgw/ZA+6TSgkoE2C/ienthhRD298T7UNwAg9diBpLRxC0mOezLl4B0xV7M0cCO6P/O0Xhw==",
      "requires": {
        "ms": "2.1.2"
      }
    },
    "delayed-stream": {
      "version": "1.0.0",
      "resolved": "https://registry.npmjs.org/delayed-stream/-/delayed-stream-1.0.0.tgz",
      "integrity": "sha1-3zrhmayt+31ECqrgsp4icrJOxhk="
    },
    "dom-context": {
      "version": "1.2.0",
      "resolved": "https://registry.npmjs.org/dom-context/-/dom-context-1.2.0.tgz",
      "integrity": "sha512-Im58euB0LGoJ2hQXwSBha3naL4ROu8bfgXn+1pBXJ46XflpsNU+BpsZTw/Ak2cAS4trgU7HveDSrw0xttn2G6A=="
    },
    "extract-files": {
      "version": "9.0.0",
      "resolved": "https://registry.npmjs.org/extract-files/-/extract-files-9.0.0.tgz",
      "integrity": "sha512-CvdFfHkC95B4bBBk36hcEmvdR2awOdhhVUYH6S/zrVj3477zven/fJMYg7121h4T1xHZC+tetUpubpAhxwI7hQ=="
    },
    "fast-memoize": {
      "version": "2.5.2",
      "resolved": "https://registry.npmjs.org/fast-memoize/-/fast-memoize-2.5.2.tgz",
      "integrity": "sha512-Ue0LwpDYErFbmNnZSF0UH6eImUwDmogUO1jyE+JbN2gsQz/jICm1Ve7t9QT0rNSsfJt+Hs4/S3GnsDVjL4HVrw=="
    },
    "form-data": {
      "version": "3.0.1",
      "resolved": "https://registry.npmjs.org/form-data/-/form-data-3.0.1.tgz",
      "integrity": "sha512-RHkBKtLWUVwd7SqRIvCZMEvAMoGUp0XU+seQiZejj0COz3RI3hWP4sCv3gZWWLjJTd7rGwcsF5eKZGii0r/hbg==",
      "requires": {
        "asynckit": "^0.4.0",
        "combined-stream": "^1.0.8",
        "mime-types": "^2.1.12"
      }
    },
    "graphql": {
      "version": "15.5.2",
      "resolved": "https://registry.npmjs.org/graphql/-/graphql-15.5.2.tgz",
      "integrity": "sha512-dZjLPWNQqYv0dqV2RNbiFed0LtSp6yd4jchsDGnuhDKa9OQHJYCfovaOEvY91w9gqbYO7Se9LKDTl3xxYva/3w=="
    },
    "graphql-combine-query": {
      "version": "1.2.3",
      "resolved": "https://registry.npmjs.org/graphql-combine-query/-/graphql-combine-query-1.2.3.tgz",
      "integrity": "sha512-VIY9PsJW8Kw1ZRljAxKgmfnv9EtsYbQklko9wJ/1Sq34Knc2sL9PkjLNlG6B9VsENF/JqGwQj70HMTDQ6Oodmg=="
    },
    "graphql-request": {
      "version": "3.5.0",
      "resolved": "https://registry.npmjs.org/graphql-request/-/graphql-request-3.5.0.tgz",
      "integrity": "sha512-Io89QpfU4rqiMbqM/KwMBzKaDLOppi8FU8sEccCE4JqCgz95W9Q8bvxQ4NfPALLSMvg9nafgg8AkYRmgKSlukA==",
      "requires": {
        "cross-fetch": "^3.0.6",
        "extract-files": "^9.0.0",
        "form-data": "^3.0.0"
      }
    },
    "haunted": {
      "version": "4.8.2",
      "resolved": "https://registry.npmjs.org/haunted/-/haunted-4.8.2.tgz",
      "integrity": "sha512-+auNzzp1AjzZblPrY3oV8PuTGAcK6I9ExBfFnhR+6HINVFeM7BR+jPDAKxa7NF22RBbu5McBhbp+t0zO0rqrqQ==",
      "requires": {
        "@lit/reactive-element": "^1.0.0-rc.2",
        "lit-html": "^1.0.0"
      }
    },
    "history": {
      "version": "5.0.1",
      "resolved": "https://registry.npmjs.org/history/-/history-5.0.1.tgz",
      "integrity": "sha512-5qC/tFUKfVci5kzgRxZxN5Mf1CV8NmJx9ByaPX0YTLx5Vz3Svh7NYp6eA4CpDq4iA9D0C1t8BNIfvQIrUI3mVw==",
      "requires": {
        "@babel/runtime": "^7.7.6"
      }
    },
    "intl-messageformat": {
      "version": "9.9.1",
      "resolved": "https://registry.npmjs.org/intl-messageformat/-/intl-messageformat-9.9.1.tgz",
      "integrity": "sha512-cuzS/XKHn//hvKka77JKU2dseiVY2dofQjIOZv6ZFxFt4Z9sPXnZ7KQ9Ak2r+4XBCjI04MqJ1PhKs/3X22AkfA==",
      "requires": {
        "@formatjs/fast-memoize": "1.2.0",
        "@formatjs/icu-messageformat-parser": "2.0.11",
        "tslib": "^2.1.0"
      }
    },
    "jsonata": {
      "version": "1.8.4",
      "resolved": "https://registry.npmjs.org/jsonata/-/jsonata-1.8.4.tgz",
      "integrity": "sha512-OqzmM5IICtm/687zckG5BROZzInGCEuKojpYs48H8RnkII8Np+o912ryvhnYwsRrSI24TQRG/qqrSwBuaneDbg=="
    },
    "jsonpointer": {
      "version": "4.1.0",
      "resolved": "https://registry.npmjs.org/jsonpointer/-/jsonpointer-4.1.0.tgz",
      "integrity": "sha512-CXcRvMyTlnR53xMcKnuMzfCA5i/nfblTnnr74CZb6C4vG39eu6w51t7nKmU5MfLfbTgGItliNyjO/ciNPDqClg=="
    },
    "jwt-decode": {
      "version": "3.1.2",
      "resolved": "https://registry.npmjs.org/jwt-decode/-/jwt-decode-3.1.2.tgz",
      "integrity": "sha512-UfpWE/VZn0iP50d8cz9NrZLM9lSWhcJ+0Gt/nm4by88UL+J1SiKN8/5dkjMmbEzwL2CAe+67GsegCbIKtbp75A=="
    },
    "lit-html": {
      "version": "1.4.1",
      "resolved": "https://registry.npmjs.org/lit-html/-/lit-html-1.4.1.tgz",
      "integrity": "sha512-B9btcSgPYb1q4oSOb/PrOT6Z/H+r6xuNzfH4lFli/AWhYwdtrgQkQWBbIc6mdnf6E2IL3gDXdkkqNktpU0OZQA=="
    },
    "mime-db": {
      "version": "1.49.0",
      "resolved": "https://registry.npmjs.org/mime-db/-/mime-db-1.49.0.tgz",
      "integrity": "sha512-CIc8j9URtOVApSFCQIF+VBkX1RwXp/oMMOrqdyXSBXq5RWNEsRfyj1kiRnQgmNXmHxPoFIxOroKA3zcU9P+nAA=="
    },
    "mime-types": {
      "version": "2.1.32",
      "resolved": "https://registry.npmjs.org/mime-types/-/mime-types-2.1.32.tgz",
      "integrity": "sha512-hJGaVS4G4c9TSMYh2n6SQAGrC4RnfU+daP8G7cSCmaqNjiOoUY0VHCMS42pxnQmVF1GWwFhbHWn3RIxCqTmZ9A==",
      "requires": {
        "mime-db": "1.49.0"
      }
    },
    "ms": {
      "version": "2.1.2",
      "resolved": "https://registry.npmjs.org/ms/-/ms-2.1.2.tgz",
      "integrity": "sha512-sGkPx+VjMtmA6MX27oA4FBFELFCZZ4S4XqeGOXCv68tT+jb3vk/RyaKWP0PTKyWtmLSM0b+adUTEvbs1PEaH2w=="
    },
    "nanoid": {
      "version": "3.1.25",
      "resolved": "https://registry.npmjs.org/nanoid/-/nanoid-3.1.25.tgz",
      "integrity": "sha512-rdwtIXaXCLFAQbnfqDRnI6jaRHp9fTcYBjtFKE8eezcZ7LuLjhUaQGNeMXf1HmRoCH32CLz6XwX0TtxEOS/A3Q=="
    },
    "node-fetch": {
      "version": "2.6.1",
      "resolved": "https://registry.npmjs.org/node-fetch/-/node-fetch-2.6.1.tgz",
      "integrity": "sha512-V4aYg89jEoVRxRb2fJdAg8FHvI7cEyYdVAh94HH0UIK8oJxUfkjlDQN9RbMx+bEjP7+ggMiFRprSti032Oipxw=="
    },
    "regenerator-runtime": {
      "version": "0.13.9",
      "resolved": "https://registry.npmjs.org/regenerator-runtime/-/regenerator-runtime-0.13.9.tgz",
      "integrity": "sha512-p3VT+cOEgxFsRRA9X4lkI1E+k2/CtnKtU4gcxyaCUreilL/vqI6CdZ3wxVUx3UOUg+gnUOQQcRI7BmSI656MYA=="
    },
    "rxjs": {
      "version": "6.6.7",
      "resolved": "https://registry.npmjs.org/rxjs/-/rxjs-6.6.7.tgz",
      "integrity": "sha512-hTdwr+7yYNIT5n4AMYp85KA6yw2Va0FLa3Rguvbpa4W3I5xynaBZo41cM3XM+4Q6fRMj3sBYIR1VAmZMXYJvRQ==",
      "requires": {
        "tslib": "^1.9.0"
      },
      "dependencies": {
        "tslib": {
          "version": "1.14.1",
          "resolved": "https://registry.npmjs.org/tslib/-/tslib-1.14.1.tgz",
          "integrity": "sha512-Xni35NKzjgMrwevysHTCArtLDpPvye8zV/0E4EyYn43P7/7qvQwPh9BGkHewbMulVntbigmcT7rdX3BNo9wRJg=="
        }
      }
    },
    "slash": {
      "version": "3.0.0",
      "resolved": "https://registry.npmjs.org/slash/-/slash-3.0.0.tgz",
      "integrity": "sha512-g9Q1haeby36OSStwb4ntCGGGaKsaVSjQ68fBxoQcutl5fS1vuY18H3wSt3jFyFtrkx+Kz0V1G85A4MyAdDMi2Q==",
      "dev": true
    },
    "tslib": {
      "version": "2.3.1",
      "resolved": "https://registry.npmjs.org/tslib/-/tslib-2.3.1.tgz",
      "integrity": "sha512-77EbyPPpMz+FRFRuAFlWMtmgUWGe9UOG2Z25NqCwiIjRhOf5iKGuzSe5P2w1laq+FkRy4p+PCuVkJSGkzTEKVw=="
    },
    "typescript": {
      "version": "4.3.5",
      "resolved": "https://registry.npmjs.org/typescript/-/typescript-4.3.5.tgz",
      "integrity": "sha512-DqQgihaQ9cUrskJo9kIyW/+g0Vxsk8cDtZ52a3NGh0YNTfpUSArXSohyUGnvbPazEPLu398C0UxmKSOrPumUzA==",
      "dev": true
    }
  }
}
