{
  "name": "@saasquatch/bedrock-components",
  "version": "1.1.0",
  "lockfileVersion": 1,
  "requires": true,
  "dependencies": {
    "@lit/reactive-element": {
      "version": "1.0.0-rc.3",
      "resolved": "https://registry.npmjs.org/@lit/reactive-element/-/reactive-element-1.0.0-rc.3.tgz",
      "integrity": "sha512-Rs2px1keOQUNJUo5B+WExl5v244ZNCiN/iMVNO9evFdJjAdWCIupR/p14zRPkNHsciRBELLTcOZ379cI9O6PDg=="
    },
    "@rollup/plugin-alias": {
      "version": "3.1.4",
      "resolved": "https://registry.npmjs.org/@rollup/plugin-alias/-/plugin-alias-3.1.4.tgz",
      "integrity": "sha512-9YN5h0bWlYFV0zpXwwAWGPUWh/A+kkoCqwrMb43LnuGfhnQqOjsGR+5uh4LGpAZbBBj8qR1Hno6CZadZs7hyCQ==",
      "dev": true,
      "requires": {
        "slash": "^3.0.0"
      }
    },
    "@saasquatch/dom-context-hooks": {
      "version": "1.0.0",
      "resolved": "https://registry.npmjs.org/@saasquatch/dom-context-hooks/-/dom-context-hooks-1.0.0.tgz",
      "integrity": "sha512-i39DNoEfBV/jA2xCjsbJQfOIEjZ4QbufcyfiVOH5LoHNlJxLxFVyD1HlR8NQGHVKWyd8VAvkiQTZdYD0R0poSA==",
      "requires": {
        "@saasquatch/universal-hooks": "^1.0.0",
        "dom-context": "^1.0.1"
      }
    },
    "@saasquatch/stencil-grapes-plugin": {
      "version": "1.0.1",
      "resolved": "https://registry.npmjs.org/@saasquatch/stencil-grapes-plugin/-/stencil-grapes-plugin-1.0.1.tgz",
      "integrity": "sha512-d0CJ4H6n/9zDNxdIHM4kUVDBwwGBhUUnNrkoMOn+VuScOF6hfaxBMnW+K9RbG7P4/HG/uQ2H8bDiVbsABuViLA==",
      "dev": true,
      "requires": {
        "typescript": "^4.2.3"
      }
    },
    "@saasquatch/stencil-hooks": {
      "version": "2.0.2",
      "resolved": "https://registry.npmjs.org/@saasquatch/stencil-hooks/-/stencil-hooks-2.0.2.tgz",
      "integrity": "sha512-NKbhkwhWALttnS0K1smWjfwkfU0CqmzRxbhl7a2YjjddSUljWYHOb5iKzDdZXLDtz6/0T+BA2uQiPDsnQ7x6MA==",
      "requires": {
        "@saasquatch/dom-context-hooks": "^1.0.0",
        "@stencil/core": "^2",
        "debug": "^4.3.1",
        "dom-context": "^1.2.0",
        "haunted": "^4.7.1"
      }
    },
    "@saasquatch/universal-hooks": {
      "version": "1.0.0",
      "resolved": "https://registry.npmjs.org/@saasquatch/universal-hooks/-/universal-hooks-1.0.0.tgz",
      "integrity": "sha512-afvknW4VA/1L1gbqBXJg3JCRzE4Ud8OkhCl1noGKt/cKa/Ec+G8OCBFAOiTxdGVSZkVQ2iqhTam+ugDY9sQUuQ=="
    },
    "@stencil/core": {
      "version": "2.5.2",
      "resolved": "https://registry.npmjs.org/@stencil/core/-/core-2.5.2.tgz",
      "integrity": "sha512-bgjPXkSzzg1WnTgVUm6m5ZzpKt602WmA/QljODAW1xVN40OHJdbGblzF/F6MFzqv2c5Cy30CB41arc8qADIdcQ=="
    },
    "debug": {
      "version": "4.3.2",
      "resolved": "https://registry.npmjs.org/debug/-/debug-4.3.2.tgz",
      "integrity": "sha512-mOp8wKcvj7XxC78zLgw/ZA+6TSgkoE2C/ienthhRD298T7UNwAg9diBpLRxC0mOezLl4B0xV7M0cCO6P/O0Xhw==",
      "requires": {
        "ms": "2.1.2"
      }
    },
    "dom-context": {
      "version": "1.2.0",
      "resolved": "https://registry.npmjs.org/dom-context/-/dom-context-1.2.0.tgz",
      "integrity": "sha512-Im58euB0LGoJ2hQXwSBha3naL4ROu8bfgXn+1pBXJ46XflpsNU+BpsZTw/Ak2cAS4trgU7HveDSrw0xttn2G6A=="
    },
    "haunted": {
      "version": "4.8.2",
      "resolved": "https://registry.npmjs.org/haunted/-/haunted-4.8.2.tgz",
      "integrity": "sha512-+auNzzp1AjzZblPrY3oV8PuTGAcK6I9ExBfFnhR+6HINVFeM7BR+jPDAKxa7NF22RBbu5McBhbp+t0zO0rqrqQ==",
      "requires": {
        "@lit/reactive-element": "^1.0.0-rc.2",
        "lit-html": "^1.0.0"
      }
    },
    "jsonata": {
      "version": "1.8.4",
      "resolved": "https://registry.npmjs.org/jsonata/-/jsonata-1.8.4.tgz",
      "integrity": "sha512-OqzmM5IICtm/687zckG5BROZzInGCEuKojpYs48H8RnkII8Np+o912ryvhnYwsRrSI24TQRG/qqrSwBuaneDbg=="
    },
    "lit-html": {
      "version": "1.4.1",
      "resolved": "https://registry.npmjs.org/lit-html/-/lit-html-1.4.1.tgz",
      "integrity": "sha512-B9btcSgPYb1q4oSOb/PrOT6Z/H+r6xuNzfH4lFli/AWhYwdtrgQkQWBbIc6mdnf6E2IL3gDXdkkqNktpU0OZQA=="
    },
    "ms": {
      "version": "2.1.2",
      "resolved": "https://registry.npmjs.org/ms/-/ms-2.1.2.tgz",
      "integrity": "sha512-sGkPx+VjMtmA6MX27oA4FBFELFCZZ4S4XqeGOXCv68tT+jb3vk/RyaKWP0PTKyWtmLSM0b+adUTEvbs1PEaH2w=="
    },
    "slash": {
      "version": "3.0.0",
      "resolved": "https://registry.npmjs.org/slash/-/slash-3.0.0.tgz",
      "integrity": "sha512-g9Q1haeby36OSStwb4ntCGGGaKsaVSjQ68fBxoQcutl5fS1vuY18H3wSt3jFyFtrkx+Kz0V1G85A4MyAdDMi2Q==",
      "dev": true
    },
    "typescript": {
      "version": "4.3.5",
      "resolved": "https://registry.npmjs.org/typescript/-/typescript-4.3.5.tgz",
      "integrity": "sha512-DqQgihaQ9cUrskJo9kIyW/+g0Vxsk8cDtZ52a3NGh0YNTfpUSArXSohyUGnvbPazEPLu398C0UxmKSOrPumUzA==",
      "dev": true
    }
  }
}
